
Microsoft Visual Studio Solution File, Format Version 12.00
# Visual Studio 15
VisualStudioVersion = 15.0.28307.779
MinimumVisualStudioVersion = 10.0.40219.1
Project("{FAE04EC0-301F-11D3-BF4B-00C04F79EFBC}") = "WeatherAppPrudential", "WeatherAppPrudential\WeatherAppPrudential.csproj", "{3443EF91-A87F-42C6-B199-E58C93E08EE4}"
EndProject
Project("{FAE04EC0-301F-11D3-BF4B-00C04F79EFBC}") = "TestWeatherAppPrudential", "TestWeatherAppPrudential\TestWeatherAppPrudential.csproj", "{C569A909-7163-45D8-BE83-C55AC19DC2FD}"
EndProject
Global
	GlobalSection(SolutionConfigurationPlatforms) = preSolution
		Debug|Any CPU = Debug|Any CPU
		Release|Any CPU = Release|Any CPU
	EndGlobalSection
	GlobalSection(ProjectConfigurationPlatforms) = postSolution
		{3443EF91-A87F-42C6-B199-E58C93E08EE4}.Debug|Any CPU.ActiveCfg = Debug|Any CPU
		{3443EF91-A87F-42C6-B199-E58C93E08EE4}.Debug|Any CPU.Build.0 = Debug|Any CPU
		{3443EF91-A87F-42C6-B199-E58C93E08EE4}.Release|Any CPU.ActiveCfg = Release|Any CPU
		{3443EF91-A87F-42C6-B199-E58C93E08EE4}.Release|Any CPU.Build.0 = Release|Any CPU
		{C569A909-7163-45D8-BE83-C55AC19DC2FD}.Debug|Any CPU.ActiveCfg = Debug|Any CPU
		{C569A909-7163-45D8-BE83-C55AC19DC2FD}.Debug|Any CPU.Build.0 = Debug|Any CPU
		{C569A909-7163-45D8-BE83-C55AC19DC2FD}.Release|Any CPU.ActiveCfg = Release|Any CPU
		{C569A909-7163-45D8-BE83-C55AC19DC2FD}.Release|Any CPU.Build.0 = Release|Any CPU
	EndGlobalSection
	GlobalSection(SolutionProperties) = preSolution
		HideSolutionNode = FALSE
	EndGlobalSection
	GlobalSection(ExtensibilityGlobals) = postSolution
		SolutionGuid = {77386AD2-B437-4E8F-A192-F4DAB15176E1}
	EndGlobalSection
EndGlobal
